
Microsoft Visual Studio Solution File, Format Version 12.00
# Visual Studio Version 17
VisualStudioVersion = 17.9.34728.123
MinimumVisualStudioVersion = 10.0.40219.1
Project("{9A19103F-16F7-4668-BE54-9A1E7A4F7556}") = "hackathon", "hackathon.csproj", "{63A3C75A-1CEB-43CF-8153-A31862F53AC6}"
EndProject
Project("{FAE04EC0-301F-11D3-BF4B-00C04F79EFBC}") = "UnitTests", ".\UnitTests\UnitTests.csproj", "{B684BEC3-F448-4ED3-AD17-E472E315AAA2}"
EndProject
Global
	GlobalSection(SolutionConfigurationPlatforms) = preSolution
		Debug|Any CPU = Debug|Any CPU
		ExportDebug|Any CPU = ExportDebug|Any CPU
		ExportRelease|Any CPU = ExportRelease|Any CPU
		Release|Any CPU = Release|Any CPU
	EndGlobalSection
	GlobalSection(ProjectConfigurationPlatforms) = postSolution
		{63A3C75A-1CEB-43CF-8153-A31862F53AC6}.Debug|Any CPU.ActiveCfg = Debug|Any CPU
		{63A3C75A-1CEB-43CF-8153-A31862F53AC6}.Debug|Any CPU.Build.0 = Debug|Any CPU
		{63A3C75A-1CEB-43CF-8153-A31862F53AC6}.ExportDebug|Any CPU.ActiveCfg = ExportDebug|Any CPU
		{63A3C75A-1CEB-43CF-8153-A31862F53AC6}.ExportDebug|Any CPU.Build.0 = ExportDebug|Any CPU
		{63A3C75A-1CEB-43CF-8153-A31862F53AC6}.ExportRelease|Any CPU.ActiveCfg = ExportRelease|Any CPU
		{63A3C75A-1CEB-43CF-8153-A31862F53AC6}.ExportRelease|Any CPU.Build.0 = ExportRelease|Any CPU
		{63A3C75A-1CEB-43CF-8153-A31862F53AC6}.Release|Any CPU.ActiveCfg = ExportRelease|Any CPU
		{63A3C75A-1CEB-43CF-8153-A31862F53AC6}.Release|Any CPU.Build.0 = ExportRelease|Any CPU
		{B684BEC3-F448-4ED3-AD17-E472E315AAA2}.Debug|Any CPU.ActiveCfg = Debug|Any CPU
		{B684BEC3-F448-4ED3-AD17-E472E315AAA2}.Debug|Any CPU.Build.0 = Debug|Any CPU
		{B684BEC3-F448-4ED3-AD17-E472E315AAA2}.ExportDebug|Any CPU.ActiveCfg = Debug|Any CPU
		{B684BEC3-F448-4ED3-AD17-E472E315AAA2}.ExportDebug|Any CPU.Build.0 = Debug|Any CPU
		{B684BEC3-F448-4ED3-AD17-E472E315AAA2}.ExportRelease|Any CPU.ActiveCfg = Release|Any CPU
		{B684BEC3-F448-4ED3-AD17-E472E315AAA2}.ExportRelease|Any CPU.Build.0 = Release|Any CPU
		{B684BEC3-F448-4ED3-AD17-E472E315AAA2}.Release|Any CPU.ActiveCfg = Release|Any CPU
		{B684BEC3-F448-4ED3-AD17-E472E315AAA2}.Release|Any CPU.Build.0 = Release|Any CPU
	EndGlobalSection
	GlobalSection(SolutionProperties) = preSolution
		HideSolutionNode = FALSE
	EndGlobalSection
EndGlobal
